
Microsoft Visual Studio Solution File, Format Version 12.00
# Visual Studio Version 17
VisualStudioVersion = 17.8.34330.188
MinimumVisualStudioVersion = 10.0.40219.1
Project("{FAE04EC0-301F-11D3-BF4B-00C04F79EFBC}") = "DiceRollerApp", "DiceRollerApp\DiceRollerApp.csproj", "{38267C2E-7A26-4F16-9FCA-BE62FCCD0F95}"
EndProject
Global
	GlobalSection(SolutionConfigurationPlatforms) = preSolution
		Debug|Any CPU = Debug|Any CPU
		Release|Any CPU = Release|Any CPU
	EndGlobalSection
	GlobalSection(ProjectConfigurationPlatforms) = postSolution
		{38267C2E-7A26-4F16-9FCA-BE62FCCD0F95}.Debug|Any CPU.ActiveCfg = Debug|Any CPU
		{38267C2E-7A26-4F16-9FCA-BE62FCCD0F95}.Debug|Any CPU.Build.0 = Debug|Any CPU
		{38267C2E-7A26-4F16-9FCA-BE62FCCD0F95}.Debug|Any CPU.Deploy.0 = Debug|Any CPU
		{38267C2E-7A26-4F16-9FCA-BE62FCCD0F95}.Release|Any CPU.ActiveCfg = Release|Any CPU
		{38267C2E-7A26-4F16-9FCA-BE62FCCD0F95}.Release|Any CPU.Build.0 = Release|Any CPU
		{38267C2E-7A26-4F16-9FCA-BE62FCCD0F95}.Release|Any CPU.Deploy.0 = Release|Any CPU
	EndGlobalSection
	GlobalSection(SolutionProperties) = preSolution
		HideSolutionNode = FALSE
	EndGlobalSection
	GlobalSection(ExtensibilityGlobals) = postSolution
		SolutionGuid = {61EB0380-A163-4731-9AD1-8516EC9CD821}
	EndGlobalSection
EndGlobal
